
Microsoft Visual Studio Solution File, Format Version 12.00
# Visual Studio Version 17
VisualStudioVersion = 17.2.32630.192
MinimumVisualStudioVersion = 10.0.40219.1
Project("{FAE04EC0-301F-11D3-BF4B-00C04F79EFBC}") = "TrabalhoFinal", "TrabalhoFinal\TrabalhoFinal.csproj", "{11402A14-A564-4E80-9615-007FB2D5193D}"
EndProject
Global
	GlobalSection(SolutionConfigurationPlatforms) = preSolution
		Debug|Any CPU = Debug|Any CPU
		Release|Any CPU = Release|Any CPU
	EndGlobalSection
	GlobalSection(ProjectConfigurationPlatforms) = postSolution
		{11402A14-A564-4E80-9615-007FB2D5193D}.Debug|Any CPU.ActiveCfg = Debug|Any CPU
		{11402A14-A564-4E80-9615-007FB2D5193D}.Debug|Any CPU.Build.0 = Debug|Any CPU
		{11402A14-A564-4E80-9615-007FB2D5193D}.Release|Any CPU.ActiveCfg = Release|Any CPU
		{11402A14-A564-4E80-9615-007FB2D5193D}.Release|Any CPU.Build.0 = Release|Any CPU
	EndGlobalSection
	GlobalSection(SolutionProperties) = preSolution
		HideSolutionNode = FALSE
	EndGlobalSection
	GlobalSection(ExtensibilityGlobals) = postSolution
		SolutionGuid = {AAB52A62-1401-42A5-AF11-88A6113062DE}
	EndGlobalSection
EndGlobal
